# THIS IS AN AUTOGENERATED FILE. DO NOT EDIT THIS FILE DIRECTLY.
# yarn lockfile v1


hyperapp@^2.0.4:
  version "2.0.4"
  resolved "https://registry.yarnpkg.com/hyperapp/-/hyperapp-2.0.4.tgz#0be1bdfe46b28c73677adc408ce3a73f79cfd03f"
  integrity sha512-1S0KIsyB97S/hH84GkuYjH/hmpnNQ546x16o+W7g/PnszxRPudJlwwGBKKnaRVL7x+dyevvuX4XLH67FooEt4w==
